
Microsoft Visual Studio Solution File, Format Version 12.00
# Visual Studio Version 17
VisualStudioVersion = 17.3.32819.101
MinimumVisualStudioVersion = 10.0.40219.1
Project("{9A19103F-16F7-4668-BE54-9A1E7A4F7556}") = "DomainModel", "DomainModel\DomainModel.csproj", "{0D5B8974-7DB4-4200-8571-D46F9EED86D4}"
EndProject
Project("{9A19103F-16F7-4668-BE54-9A1E7A4F7556}") = "Repository", "Repository\Repository.csproj", "{FF75A316-43CD-42FD-AD2B-5A41D2C1FA9B}"
EndProject
Project("{9A19103F-16F7-4668-BE54-9A1E7A4F7556}") = "Service", "Services\Service.csproj", "{BC6AAD33-3996-4F8E-A929-1B0392076E25}"
	ProjectSection(ProjectDependencies) = postProject
		{0D5B8974-7DB4-4200-8571-D46F9EED86D4} = {0D5B8974-7DB4-4200-8571-D46F9EED86D4}
	EndProjectSection
EndProject
Project("{9A19103F-16F7-4668-BE54-9A1E7A4F7556}") = "SimpleAPITest.Xunit", "SimpleAPITest.Xunit\SimpleAPITest.Xunit.csproj", "{FC3B30E9-C8B9-438C-B76C-0FEA303137BB}"
EndProject
Project("{9A19103F-16F7-4668-BE54-9A1E7A4F7556}") = "API", "API\API.csproj", "{C25BBC4C-D943-4AE9-93C1-8F0DF6E95A6E}"
EndProject
Global
	GlobalSection(SolutionConfigurationPlatforms) = preSolution
		Debug|Any CPU = Debug|Any CPU
		Release|Any CPU = Release|Any CPU
	EndGlobalSection
	GlobalSection(ProjectConfigurationPlatforms) = postSolution
		{0D5B8974-7DB4-4200-8571-D46F9EED86D4}.Debug|Any CPU.ActiveCfg = Debug|Any CPU
		{0D5B8974-7DB4-4200-8571-D46F9EED86D4}.Debug|Any CPU.Build.0 = Debug|Any CPU
		{0D5B8974-7DB4-4200-8571-D46F9EED86D4}.Release|Any CPU.ActiveCfg = Release|Any CPU
		{0D5B8974-7DB4-4200-8571-D46F9EED86D4}.Release|Any CPU.Build.0 = Release|Any CPU
		{FF75A316-43CD-42FD-AD2B-5A41D2C1FA9B}.Debug|Any CPU.ActiveCfg = Debug|Any CPU
		{FF75A316-43CD-42FD-AD2B-5A41D2C1FA9B}.Debug|Any CPU.Build.0 = Debug|Any CPU
		{FF75A316-43CD-42FD-AD2B-5A41D2C1FA9B}.Release|Any CPU.ActiveCfg = Release|Any CPU
		{FF75A316-43CD-42FD-AD2B-5A41D2C1FA9B}.Release|Any CPU.Build.0 = Release|Any CPU
		{BC6AAD33-3996-4F8E-A929-1B0392076E25}.Debug|Any CPU.ActiveCfg = Debug|Any CPU
		{BC6AAD33-3996-4F8E-A929-1B0392076E25}.Debug|Any CPU.Build.0 = Debug|Any CPU
		{BC6AAD33-3996-4F8E-A929-1B0392076E25}.Release|Any CPU.ActiveCfg = Release|Any CPU
		{BC6AAD33-3996-4F8E-A929-1B0392076E25}.Release|Any CPU.Build.0 = Release|Any CPU
		{FC3B30E9-C8B9-438C-B76C-0FEA303137BB}.Debug|Any CPU.ActiveCfg = Debug|Any CPU
		{FC3B30E9-C8B9-438C-B76C-0FEA303137BB}.Debug|Any CPU.Build.0 = Debug|Any CPU
		{FC3B30E9-C8B9-438C-B76C-0FEA303137BB}.Release|Any CPU.ActiveCfg = Release|Any CPU
		{FC3B30E9-C8B9-438C-B76C-0FEA303137BB}.Release|Any CPU.Build.0 = Release|Any CPU
		{C25BBC4C-D943-4AE9-93C1-8F0DF6E95A6E}.Debug|Any CPU.ActiveCfg = Debug|Any CPU
		{C25BBC4C-D943-4AE9-93C1-8F0DF6E95A6E}.Debug|Any CPU.Build.0 = Debug|Any CPU
		{C25BBC4C-D943-4AE9-93C1-8F0DF6E95A6E}.Release|Any CPU.ActiveCfg = Release|Any CPU
		{C25BBC4C-D943-4AE9-93C1-8F0DF6E95A6E}.Release|Any CPU.Build.0 = Release|Any CPU
	EndGlobalSection
	GlobalSection(SolutionProperties) = preSolution
		HideSolutionNode = FALSE
	EndGlobalSection
	GlobalSection(ExtensibilityGlobals) = postSolution
		SolutionGuid = {8BBC8BB7-F7C0-4557-97B5-CDCFAE1D157B}
	EndGlobalSection
EndGlobal
